
Microsoft Visual Studio Solution File, Format Version 12.00
# Visual Studio Version 17
VisualStudioVersion = 17.4.33205.214
MinimumVisualStudioVersion = 10.0.40219.1
Project("{8BC9CEB8-8B4A-11D0-8D11-00A0C91BC942}") = "OOP_8_C++", "OOP_8_C++\OOP_8_C++.vcxproj", "{1B5B5AB1-5C05-4D00-A5F9-ED690FA6A63C}"
EndProject
Global
	GlobalSection(SolutionConfigurationPlatforms) = preSolution
		Debug|x64 = Debug|x64
		Debug|x86 = Debug|x86
		Release|x64 = Release|x64
		Release|x86 = Release|x86
	EndGlobalSection
	GlobalSection(ProjectConfigurationPlatforms) = postSolution
		{1B5B5AB1-5C05-4D00-A5F9-ED690FA6A63C}.Debug|x64.ActiveCfg = Debug|x64
		{1B5B5AB1-5C05-4D00-A5F9-ED690FA6A63C}.Debug|x64.Build.0 = Debug|x64
		{1B5B5AB1-5C05-4D00-A5F9-ED690FA6A63C}.Debug|x86.ActiveCfg = Debug|Win32
		{1B5B5AB1-5C05-4D00-A5F9-ED690FA6A63C}.Debug|x86.Build.0 = Debug|Win32
		{1B5B5AB1-5C05-4D00-A5F9-ED690FA6A63C}.Release|x64.ActiveCfg = Release|x64
		{1B5B5AB1-5C05-4D00-A5F9-ED690FA6A63C}.Release|x64.Build.0 = Release|x64
		{1B5B5AB1-5C05-4D00-A5F9-ED690FA6A63C}.Release|x86.ActiveCfg = Release|Win32
		{1B5B5AB1-5C05-4D00-A5F9-ED690FA6A63C}.Release|x86.Build.0 = Release|Win32
	EndGlobalSection
	GlobalSection(SolutionProperties) = preSolution
		HideSolutionNode = FALSE
	EndGlobalSection
	GlobalSection(ExtensibilityGlobals) = postSolution
		SolutionGuid = {28F23F44-3DD7-4D92-8A17-54A681C7B391}
	EndGlobalSection
EndGlobal
